
Microsoft Visual Studio Solution File, Format Version 12.00
# Visual Studio Version 17
VisualStudioVersion = 17.0.31903.59
MinimumVisualStudioVersion = 10.0.40219.1
Project("{FAE04EC0-301F-11D3-BF4B-00C04F79EFBC}") = "HowManyOfThisType", "HowManyOfThisType\HowManyOfThisType.csproj", "{B1FDAFEE-0CF9-4B1F-B2BD-7F465C5FD49F}"
EndProject
Project("{FAE04EC0-301F-11D3-BF4B-00C04F79EFBC}") = "TheyCameBefore", "TheyCameBefore\TheyCameBefore.csproj", "{2FC737E3-619C-4F8F-98A7-20557008027D}"
EndProject
Project("{FAE04EC0-301F-11D3-BF4B-00C04F79EFBC}") = "MyGenericClass", "MyGenericClass\MyGenericClass.csproj", "{875F2874-4227-45AD-8060-832E2F4FC4F8}"
EndProject
Project("{FAE04EC0-301F-11D3-BF4B-00C04F79EFBC}") = "MyEnumerable", "MyEnumerable\MyEnumerable.csproj", "{54C885B2-7A4D-4C00-8377-2D36E2567F0D}"
EndProject
Project("{FAE04EC0-301F-11D3-BF4B-00C04F79EFBC}") = "JustLikeACollection", "JustLikeACollection\JustLikeACollection.csproj", "{42010311-A836-40B1-956F-78C2BA7DAEC8}"
EndProject
Global
	GlobalSection(SolutionConfigurationPlatforms) = preSolution
		Debug|Any CPU = Debug|Any CPU
		Release|Any CPU = Release|Any CPU
	EndGlobalSection
	GlobalSection(SolutionProperties) = preSolution
		HideSolutionNode = FALSE
	EndGlobalSection
	GlobalSection(ProjectConfigurationPlatforms) = postSolution
		{B1FDAFEE-0CF9-4B1F-B2BD-7F465C5FD49F}.Debug|Any CPU.ActiveCfg = Debug|Any CPU
		{B1FDAFEE-0CF9-4B1F-B2BD-7F465C5FD49F}.Debug|Any CPU.Build.0 = Debug|Any CPU
		{B1FDAFEE-0CF9-4B1F-B2BD-7F465C5FD49F}.Release|Any CPU.ActiveCfg = Release|Any CPU
		{B1FDAFEE-0CF9-4B1F-B2BD-7F465C5FD49F}.Release|Any CPU.Build.0 = Release|Any CPU
		{2FC737E3-619C-4F8F-98A7-20557008027D}.Debug|Any CPU.ActiveCfg = Debug|Any CPU
		{2FC737E3-619C-4F8F-98A7-20557008027D}.Debug|Any CPU.Build.0 = Debug|Any CPU
		{2FC737E3-619C-4F8F-98A7-20557008027D}.Release|Any CPU.ActiveCfg = Release|Any CPU
		{2FC737E3-619C-4F8F-98A7-20557008027D}.Release|Any CPU.Build.0 = Release|Any CPU
		{875F2874-4227-45AD-8060-832E2F4FC4F8}.Debug|Any CPU.ActiveCfg = Debug|Any CPU
		{875F2874-4227-45AD-8060-832E2F4FC4F8}.Debug|Any CPU.Build.0 = Debug|Any CPU
		{875F2874-4227-45AD-8060-832E2F4FC4F8}.Release|Any CPU.ActiveCfg = Release|Any CPU
		{875F2874-4227-45AD-8060-832E2F4FC4F8}.Release|Any CPU.Build.0 = Release|Any CPU
		{54C885B2-7A4D-4C00-8377-2D36E2567F0D}.Debug|Any CPU.ActiveCfg = Debug|Any CPU
		{54C885B2-7A4D-4C00-8377-2D36E2567F0D}.Debug|Any CPU.Build.0 = Debug|Any CPU
		{54C885B2-7A4D-4C00-8377-2D36E2567F0D}.Release|Any CPU.ActiveCfg = Release|Any CPU
		{54C885B2-7A4D-4C00-8377-2D36E2567F0D}.Release|Any CPU.Build.0 = Release|Any CPU
		{42010311-A836-40B1-956F-78C2BA7DAEC8}.Debug|Any CPU.ActiveCfg = Debug|Any CPU
		{42010311-A836-40B1-956F-78C2BA7DAEC8}.Debug|Any CPU.Build.0 = Debug|Any CPU
		{42010311-A836-40B1-956F-78C2BA7DAEC8}.Release|Any CPU.ActiveCfg = Release|Any CPU
		{42010311-A836-40B1-956F-78C2BA7DAEC8}.Release|Any CPU.Build.0 = Release|Any CPU
	EndGlobalSection
EndGlobal
